
Microsoft Visual Studio Solution File, Format Version 12.00
# Visual Studio 15
VisualStudioVersion = 15.0.27428.2015
MinimumVisualStudioVersion = 10.0.40219.1
Project("{FAE04EC0-301F-11D3-BF4B-00C04F79EFBC}") = "CryptoBlock", "CryptoBlock\CryptoBlock.csproj", "{3CF77A46-06F1-49A8-AE1D-564CCFDF9EB2}"
EndProject
Project("{FAE04EC0-301F-11D3-BF4B-00C04F79EFBC}") = "CMCAPI", "CMCAPI\CMCAPI.csproj", "{E0987F07-CFDE-4CF1-BA7B-23F1A53A7D34}"
EndProject
Project("{FAE04EC0-301F-11D3-BF4B-00C04F79EFBC}") = "Utils", "Utils\Utils.csproj", "{6F6A790C-B7FD-4BE0-BC50-D9405654EB6B}"
EndProject
Project("{FAE04EC0-301F-11D3-BF4B-00C04F79EFBC}") = "TableDisplay", "DisplayTable\TableDisplay.csproj", "{576249A0-F9EE-456D-A64F-67032C86AAE9}"
EndProject
Project("{FAE04EC0-301F-11D3-BF4B-00C04F79EFBC}") = "PortfolioManagement", "Portfolio\PortfolioManagement.csproj", "{22928362-4D96-41E2-835A-E0E01F8867C0}"
EndProject
Project("{FAE04EC0-301F-11D3-BF4B-00C04F79EFBC}") = "ServerDataManagement", "CoinDataHandling\ServerDataManagement.csproj", "{19BF4193-56D2-45BD-88E0-F0E22E4F4726}"
EndProject
Project("{FAE04EC0-301F-11D3-BF4B-00C04F79EFBC}") = "ExceptionManagement", "ExceptionManagement\ExceptionManagement.csproj", "{8F6FEEE8-262E-4BCC-A5AC-67E9D2D35710}"
EndProject
Project("{FAE04EC0-301F-11D3-BF4B-00C04F79EFBC}") = "IOManagement", "IOManagement\IOManagement.csproj", "{9EB0F624-9A4C-4999-96B0-0AA192427B43}"
EndProject
Project("{FAE04EC0-301F-11D3-BF4B-00C04F79EFBC}") = "CommandHandling", "CommandHandling\CommandHandling.csproj", "{9808D72E-9760-4E7A-84FB-1F3F8BDE222B}"
EndProject
Project("{FAE04EC0-301F-11D3-BF4B-00C04F79EFBC}") = "SystemManagement", "SystemManagement\SystemManagement.csproj", "{62140FD7-6AAD-441A-BFCE-ED674CD7E898}"
EndProject
Project("{2150E333-8FDC-42A3-9474-1A3956D46DE8}") = "Solution Items", "Solution Items", "{37CEE0D4-7147-4A46-B8DC-73DA2CE734E3}"
	ProjectSection(SolutionItems) = preProject
		GeneralRemarks.txt = GeneralRemarks.txt
		TextFile1.txt = TextFile1.txt
	EndProjectSection
EndProject
Project("{FAE04EC0-301F-11D3-BF4B-00C04F79EFBC}") = "SettingsManagement", "SettingsManagement\SettingsManagement.csproj", "{F0CF4F62-9F83-4D27-ABB7-E1FFCF5719ED}"
EndProject
Global
	GlobalSection(SolutionConfigurationPlatforms) = preSolution
		Debug|Any CPU = Debug|Any CPU
		Release|Any CPU = Release|Any CPU
	EndGlobalSection
	GlobalSection(ProjectConfigurationPlatforms) = postSolution
		{3CF77A46-06F1-49A8-AE1D-564CCFDF9EB2}.Debug|Any CPU.ActiveCfg = Debug|Any CPU
		{3CF77A46-06F1-49A8-AE1D-564CCFDF9EB2}.Debug|Any CPU.Build.0 = Debug|Any CPU
		{3CF77A46-06F1-49A8-AE1D-564CCFDF9EB2}.Release|Any CPU.ActiveCfg = Release|Any CPU
		{3CF77A46-06F1-49A8-AE1D-564CCFDF9EB2}.Release|Any CPU.Build.0 = Release|Any CPU
		{E0987F07-CFDE-4CF1-BA7B-23F1A53A7D34}.Debug|Any CPU.ActiveCfg = Debug|Any CPU
		{E0987F07-CFDE-4CF1-BA7B-23F1A53A7D34}.Debug|Any CPU.Build.0 = Debug|Any CPU
		{E0987F07-CFDE-4CF1-BA7B-23F1A53A7D34}.Release|Any CPU.ActiveCfg = Release|Any CPU
		{E0987F07-CFDE-4CF1-BA7B-23F1A53A7D34}.Release|Any CPU.Build.0 = Release|Any CPU
		{6F6A790C-B7FD-4BE0-BC50-D9405654EB6B}.Debug|Any CPU.ActiveCfg = Debug|Any CPU
		{6F6A790C-B7FD-4BE0-BC50-D9405654EB6B}.Debug|Any CPU.Build.0 = Debug|Any CPU
		{6F6A790C-B7FD-4BE0-BC50-D9405654EB6B}.Release|Any CPU.ActiveCfg = Release|Any CPU
		{6F6A790C-B7FD-4BE0-BC50-D9405654EB6B}.Release|Any CPU.Build.0 = Release|Any CPU
		{576249A0-F9EE-456D-A64F-67032C86AAE9}.Debug|Any CPU.ActiveCfg = Debug|Any CPU
		{576249A0-F9EE-456D-A64F-67032C86AAE9}.Debug|Any CPU.Build.0 = Debug|Any CPU
		{576249A0-F9EE-456D-A64F-67032C86AAE9}.Release|Any CPU.ActiveCfg = Release|Any CPU
		{576249A0-F9EE-456D-A64F-67032C86AAE9}.Release|Any CPU.Build.0 = Release|Any CPU
		{22928362-4D96-41E2-835A-E0E01F8867C0}.Debug|Any CPU.ActiveCfg = Debug|Any CPU
		{22928362-4D96-41E2-835A-E0E01F8867C0}.Debug|Any CPU.Build.0 = Debug|Any CPU
		{22928362-4D96-41E2-835A-E0E01F8867C0}.Release|Any CPU.ActiveCfg = Release|Any CPU
		{22928362-4D96-41E2-835A-E0E01F8867C0}.Release|Any CPU.Build.0 = Release|Any CPU
		{19BF4193-56D2-45BD-88E0-F0E22E4F4726}.Debug|Any CPU.ActiveCfg = Debug|Any CPU
		{19BF4193-56D2-45BD-88E0-F0E22E4F4726}.Debug|Any CPU.Build.0 = Debug|Any CPU
		{19BF4193-56D2-45BD-88E0-F0E22E4F4726}.Release|Any CPU.ActiveCfg = Release|Any CPU
		{19BF4193-56D2-45BD-88E0-F0E22E4F4726}.Release|Any CPU.Build.0 = Release|Any CPU
		{8F6FEEE8-262E-4BCC-A5AC-67E9D2D35710}.Debug|Any CPU.ActiveCfg = Debug|Any CPU
		{8F6FEEE8-262E-4BCC-A5AC-67E9D2D35710}.Debug|Any CPU.Build.0 = Debug|Any CPU
		{8F6FEEE8-262E-4BCC-A5AC-67E9D2D35710}.Release|Any CPU.ActiveCfg = Release|Any CPU
		{8F6FEEE8-262E-4BCC-A5AC-67E9D2D35710}.Release|Any CPU.Build.0 = Release|Any CPU
		{9EB0F624-9A4C-4999-96B0-0AA192427B43}.Debug|Any CPU.ActiveCfg = Debug|Any CPU
		{9EB0F624-9A4C-4999-96B0-0AA192427B43}.Debug|Any CPU.Build.0 = Debug|Any CPU
		{9EB0F624-9A4C-4999-96B0-0AA192427B43}.Release|Any CPU.ActiveCfg = Release|Any CPU
		{9EB0F624-9A4C-4999-96B0-0AA192427B43}.Release|Any CPU.Build.0 = Release|Any CPU
		{9808D72E-9760-4E7A-84FB-1F3F8BDE222B}.Debug|Any CPU.ActiveCfg = Debug|Any CPU
		{9808D72E-9760-4E7A-84FB-1F3F8BDE222B}.Debug|Any CPU.Build.0 = Debug|Any CPU
		{9808D72E-9760-4E7A-84FB-1F3F8BDE222B}.Release|Any CPU.ActiveCfg = Release|Any CPU
		{9808D72E-9760-4E7A-84FB-1F3F8BDE222B}.Release|Any CPU.Build.0 = Release|Any CPU
		{62140FD7-6AAD-441A-BFCE-ED674CD7E898}.Debug|Any CPU.ActiveCfg = Debug|Any CPU
		{62140FD7-6AAD-441A-BFCE-ED674CD7E898}.Debug|Any CPU.Build.0 = Debug|Any CPU
		{62140FD7-6AAD-441A-BFCE-ED674CD7E898}.Release|Any CPU.ActiveCfg = Release|Any CPU
		{62140FD7-6AAD-441A-BFCE-ED674CD7E898}.Release|Any CPU.Build.0 = Release|Any CPU
		{F0CF4F62-9F83-4D27-ABB7-E1FFCF5719ED}.Debug|Any CPU.ActiveCfg = Debug|Any CPU
		{F0CF4F62-9F83-4D27-ABB7-E1FFCF5719ED}.Debug|Any CPU.Build.0 = Debug|Any CPU
		{F0CF4F62-9F83-4D27-ABB7-E1FFCF5719ED}.Release|Any CPU.ActiveCfg = Release|Any CPU
		{F0CF4F62-9F83-4D27-ABB7-E1FFCF5719ED}.Release|Any CPU.Build.0 = Release|Any CPU
	EndGlobalSection
	GlobalSection(SolutionProperties) = preSolution
		HideSolutionNode = FALSE
	EndGlobalSection
	GlobalSection(ExtensibilityGlobals) = postSolution
		SolutionGuid = {2B291AB4-9383-4997-A8AE-6EFF1D8FB7CC}
	EndGlobalSection
EndGlobal
